
Microsoft Visual Studio Solution File, Format Version 12.00
# Visual Studio 2012
Project("{FAE04EC0-301F-11D3-BF4B-00C04F79EFBC}") = "XFWebSample", "XFWebSample\XFWebSample.csproj", "{056CE1EA-EA77-480D-BC63-A095DF7D0D97}"
EndProject
Project("{FAE04EC0-301F-11D3-BF4B-00C04F79EFBC}") = "XFWebSample.iOS", "XFWebSample.iOS\XFWebSample.iOS.csproj", "{45E1D1C3-9F6D-484A-BD4E-60B6AD3A2AF7}"
EndProject
Project("{FAE04EC0-301F-11D3-BF4B-00C04F79EFBC}") = "XFWebSample.Droid", "XFWebSample.Droid\XFWebSample.Droid.csproj", "{E73429C4-7F22-4165-B219-1F5E49D319E8}"
EndProject
Global
	GlobalSection(SolutionConfigurationPlatforms) = preSolution
		Debug|Any CPU = Debug|Any CPU
		Release|Any CPU = Release|Any CPU
		Debug|iPhoneSimulator = Debug|iPhoneSimulator
		Release|iPhone = Release|iPhone
		Release|iPhoneSimulator = Release|iPhoneSimulator
		Debug|iPhone = Debug|iPhone
	EndGlobalSection
	GlobalSection(ProjectConfigurationPlatforms) = postSolution
		{056CE1EA-EA77-480D-BC63-A095DF7D0D97}.Debug|Any CPU.ActiveCfg = Debug|Any CPU
		{056CE1EA-EA77-480D-BC63-A095DF7D0D97}.Debug|Any CPU.Build.0 = Debug|Any CPU
		{056CE1EA-EA77-480D-BC63-A095DF7D0D97}.Release|Any CPU.ActiveCfg = Release|Any CPU
		{056CE1EA-EA77-480D-BC63-A095DF7D0D97}.Release|Any CPU.Build.0 = Release|Any CPU
		{056CE1EA-EA77-480D-BC63-A095DF7D0D97}.Debug|iPhoneSimulator.ActiveCfg = Debug|Any CPU
		{056CE1EA-EA77-480D-BC63-A095DF7D0D97}.Debug|iPhoneSimulator.Build.0 = Debug|Any CPU
		{056CE1EA-EA77-480D-BC63-A095DF7D0D97}.Release|iPhone.ActiveCfg = Release|Any CPU
		{056CE1EA-EA77-480D-BC63-A095DF7D0D97}.Release|iPhone.Build.0 = Release|Any CPU
		{056CE1EA-EA77-480D-BC63-A095DF7D0D97}.Release|iPhoneSimulator.ActiveCfg = Release|Any CPU
		{056CE1EA-EA77-480D-BC63-A095DF7D0D97}.Release|iPhoneSimulator.Build.0 = Release|Any CPU
		{056CE1EA-EA77-480D-BC63-A095DF7D0D97}.Debug|iPhone.ActiveCfg = Debug|Any CPU
		{056CE1EA-EA77-480D-BC63-A095DF7D0D97}.Debug|iPhone.Build.0 = Debug|Any CPU
		{45E1D1C3-9F6D-484A-BD4E-60B6AD3A2AF7}.Debug|Any CPU.ActiveCfg = Debug|iPhoneSimulator
		{45E1D1C3-9F6D-484A-BD4E-60B6AD3A2AF7}.Debug|Any CPU.Build.0 = Debug|iPhoneSimulator
		{45E1D1C3-9F6D-484A-BD4E-60B6AD3A2AF7}.Release|Any CPU.ActiveCfg = Release|iPhone
		{45E1D1C3-9F6D-484A-BD4E-60B6AD3A2AF7}.Release|Any CPU.Build.0 = Release|iPhone
		{45E1D1C3-9F6D-484A-BD4E-60B6AD3A2AF7}.Debug|iPhoneSimulator.ActiveCfg = Debug|iPhoneSimulator
		{45E1D1C3-9F6D-484A-BD4E-60B6AD3A2AF7}.Debug|iPhoneSimulator.Build.0 = Debug|iPhoneSimulator
		{45E1D1C3-9F6D-484A-BD4E-60B6AD3A2AF7}.Release|iPhone.ActiveCfg = Release|iPhone
		{45E1D1C3-9F6D-484A-BD4E-60B6AD3A2AF7}.Release|iPhone.Build.0 = Release|iPhone
		{45E1D1C3-9F6D-484A-BD4E-60B6AD3A2AF7}.Release|iPhoneSimulator.ActiveCfg = Release|iPhoneSimulator
		{45E1D1C3-9F6D-484A-BD4E-60B6AD3A2AF7}.Release|iPhoneSimulator.Build.0 = Release|iPhoneSimulator
		{45E1D1C3-9F6D-484A-BD4E-60B6AD3A2AF7}.Debug|iPhone.ActiveCfg = Debug|iPhone
		{45E1D1C3-9F6D-484A-BD4E-60B6AD3A2AF7}.Debug|iPhone.Build.0 = Debug|iPhone
		{E73429C4-7F22-4165-B219-1F5E49D319E8}.Debug|Any CPU.ActiveCfg = Debug|Any CPU
		{E73429C4-7F22-4165-B219-1F5E49D319E8}.Debug|Any CPU.Build.0 = Debug|Any CPU
		{E73429C4-7F22-4165-B219-1F5E49D319E8}.Release|Any CPU.ActiveCfg = Release|Any CPU
		{E73429C4-7F22-4165-B219-1F5E49D319E8}.Release|Any CPU.Build.0 = Release|Any CPU
		{E73429C4-7F22-4165-B219-1F5E49D319E8}.Debug|iPhoneSimulator.ActiveCfg = Debug|Any CPU
		{E73429C4-7F22-4165-B219-1F5E49D319E8}.Debug|iPhoneSimulator.Build.0 = Debug|Any CPU
		{E73429C4-7F22-4165-B219-1F5E49D319E8}.Release|iPhone.ActiveCfg = Release|Any CPU
		{E73429C4-7F22-4165-B219-1F5E49D319E8}.Release|iPhone.Build.0 = Release|Any CPU
		{E73429C4-7F22-4165-B219-1F5E49D319E8}.Release|iPhoneSimulator.ActiveCfg = Release|Any CPU
		{E73429C4-7F22-4165-B219-1F5E49D319E8}.Release|iPhoneSimulator.Build.0 = Release|Any CPU
		{E73429C4-7F22-4165-B219-1F5E49D319E8}.Debug|iPhone.ActiveCfg = Debug|Any CPU
		{E73429C4-7F22-4165-B219-1F5E49D319E8}.Debug|iPhone.Build.0 = Debug|Any CPU
	EndGlobalSection
EndGlobal
